
Microsoft Visual Studio Solution File, Format Version 12.00
# Visual Studio Version 17
VisualStudioVersion = 17.0.32014.148
MinimumVisualStudioVersion = 10.0.40219.1
Project("{FAE04EC0-301F-11D3-BF4B-00C04F79EFBC}") = "MechanoidNightVision", "MechanoidNightVision.csproj", "{A28AEF8F-59E6-434A-88EB-849DEC801599}"
EndProject
Global
	GlobalSection(SolutionConfigurationPlatforms) = preSolution
		Debug|Any CPU = Debug|Any CPU
		Release|Any CPU = Release|Any CPU
	EndGlobalSection
	GlobalSection(ProjectConfigurationPlatforms) = postSolution
		{A28AEF8F-59E6-434A-88EB-849DEC801599}.Debug|Any CPU.ActiveCfg = Debug|Any CPU
		{A28AEF8F-59E6-434A-88EB-849DEC801599}.Debug|Any CPU.Build.0 = Debug|Any CPU
		{A28AEF8F-59E6-434A-88EB-849DEC801599}.Release|Any CPU.ActiveCfg = Release|Any CPU
		{A28AEF8F-59E6-434A-88EB-849DEC801599}.Release|Any CPU.Build.0 = Release|Any CPU
	EndGlobalSection
	GlobalSection(SolutionProperties) = preSolution
		HideSolutionNode = FALSE
	EndGlobalSection
	GlobalSection(ExtensibilityGlobals) = postSolution
		SolutionGuid = {08196263-DD44-4187-804A-A5C282AD5572}
	EndGlobalSection
EndGlobal
